// !$*UTF8*$!
{
	archiveVersion = 1;
	classes = {
	};
	objectVersion = 46;
	objects = {

/* Begin PBXBuildFile section */
		01777A019BE54DBC896D5C58 /* FBSDKLoginKit.framework in Frameworks */ = {isa = PBXBuildFile; fileRef = 81CB93E62E1548DC94BA0B71 /* FBSDKLoginKit.framework */; };
		0207DA581B56EA530066E2B4 /* Images.xcassets in Resources */ = {isa = PBXBuildFile; fileRef = 0207DA571B56EA530066E2B4 /* Images.xcassets */; };
		0BAB8AF429FE4431A05521DB /* CDVContacts.m in Sources */ = {isa = PBXBuildFile; fileRef = 018BE21448F64B1F9FA02F90 /* CDVContacts.m */; };
		153EB576907E483CAF75CDC2 /* libsqlite3.tbd in Frameworks */ = {isa = PBXBuildFile; fileRef = 0F84C663E9FA45598120A711 /* libsqlite3.tbd */; };
		166FC164D39D4FB6A8238862 /* libGcmLib.a in Frameworks */ = {isa = PBXBuildFile; fileRef = 3454E60760A946B1B6DBAA95 /* libGcmLib.a */; };
		198233925638488AB1D6F4AA /* CoreMotion.framework in Frameworks */ = {isa = PBXBuildFile; fileRef = 20BFC184A3104408A76B3782 /* CoreMotion.framework */; };
		1CE66480266940A381ACDC98 /* APPLocalNotificationOptions.m in Sources */ = {isa = PBXBuildFile; fileRef = 59945B892DE84F2887F9FA05 /* APPLocalNotificationOptions.m */; };
		1CEA31C69EA945438A6712A6 /* libGTM_NSDictionary+URLArguments.a in Frameworks */ = {isa = PBXBuildFile; fileRef = C9A4E9D55F0847E6A8A3F6AF /* libGTM_NSDictionary+URLArguments.a */; };
		1D3623260D0F684500981E51 /* AppDelegate.m in Sources */ = {isa = PBXBuildFile; fileRef = 1D3623250D0F684500981E51 /* AppDelegate.m */; };
		1D60589B0D05DD56006BFB54 /* main.m in Sources */ = {isa = PBXBuildFile; fileRef = 29B97316FDCFA39411CA2CEA /* main.m */; };
		22E9D3723BA748ADBA44BDD0 /* Bolts.framework in Frameworks */ = {isa = PBXBuildFile; fileRef = 50A984B9422D40B990433453 /* Bolts.framework */; };
		237C0B638C1D4DC0A64A2B28 /* SocialSharing.m in Sources */ = {isa = PBXBuildFile; fileRef = 53FD7FDC503A49C9B3E9FE5A /* SocialSharing.m */; };
		23AEF257032347E58A29FC09 /* AddressBookUI.framework in Frameworks */ = {isa = PBXBuildFile; fileRef = FC5345CF787D477DAA336004 /* AddressBookUI.framework */; settings = {ATTRIBUTES = (Weak, ); }; };
		288ECBDB55834B9BBA6A304C /* UILocalNotification+APPLocalNotification.m in Sources */ = {isa = PBXBuildFile; fileRef = 94B182F3D13B40C3BE13D7E6 /* UILocalNotification+APPLocalNotification.m */; };
		2AB30EDCD141493BBC017A24 /* AppDelegate+APPAppEvent.m in Sources */ = {isa = PBXBuildFile; fileRef = 0C18E54570AB48A6BD7C39CD /* AppDelegate+APPAppEvent.m */; };
		301BF552109A68D80062928A /* libCordova.a in Frameworks */ = {isa = PBXBuildFile; fileRef = 301BF535109A57CC0062928A /* libCordova.a */; };
		302D95F114D2391D003F00A1 /* MainViewController.m in Sources */ = {isa = PBXBuildFile; fileRef = 302D95EF14D2391D003F00A1 /* MainViewController.m */; };
		302D95F214D2391D003F00A1 /* MainViewController.xib in Resources */ = {isa = PBXBuildFile; fileRef = 302D95F014D2391D003F00A1 /* MainViewController.xib */; };
		388DAF634E864D7E83771AF3 /* libGTM_KVO.a in Frameworks */ = {isa = PBXBuildFile; fileRef = 4ECBDB31A80E48D2888F38E0 /* libGTM_KVO.a */; };
		3EF59A74837C45B1BD4164F8 /* libGTM_NSStringXML.a in Frameworks */ = {isa = PBXBuildFile; fileRef = 9A5F52BF9ACE424F95CD5599 /* libGTM_NSStringXML.a */; };
		3F5AF3F6DED04B5284CD4926 /* FBSDKCoreKit.framework in Frameworks */ = {isa = PBXBuildFile; fileRef = 2456C673A65947338484FCCA /* FBSDKCoreKit.framework */; };
		4275428F4E4D4E64970DA42C /* libGTM_UIFont+LineHeight.a in Frameworks */ = {isa = PBXBuildFile; fileRef = B568AD2C72F241319FDDFDFC /* libGTM_UIFont+LineHeight.a */; };
		44A58438BAB64CEA97F78955 /* libGTMStackTrace.a in Frameworks */ = {isa = PBXBuildFile; fileRef = D9B35941F3604DE58C6BFEC7 /* libGTMStackTrace.a */; };
		44B626A2F29A4B7D8860C0CE /* libGGLInstanceIDLib.a in Frameworks */ = {isa = PBXBuildFile; fileRef = 43A62B44530A4583B96797B8 /* libGGLInstanceIDLib.a */; };
		462B79E609EE477C81442478 /* CDVDevice.m in Sources */ = {isa = PBXBuildFile; fileRef = 1B8FD7FAFCEB4FA8A037223C /* CDVDevice.m */; };
		486E8A4299C943EABB480AB4 /* APPLocalNotification.m in Sources */ = {isa = PBXBuildFile; fileRef = 6843D12193FB4A4C9B1CCB81 /* APPLocalNotification.m */; };
		55EFB718D142473EB692601A /* libGTM_DebugUtils.a in Frameworks */ = {isa = PBXBuildFile; fileRef = 8539B5A62EAE4F9E9F2450B4 /* libGTM_DebugUtils.a */; };
		5A43FF80D23249B7A41B6FD7 /* libGTM_GTMURLBuilder.a in Frameworks */ = {isa = PBXBuildFile; fileRef = 5809FDC11DE1402297B1366E /* libGTM_GTMURLBuilder.a */; };
		5CF1E718006C4EFB8C37A55B /* FacebookConnectPlugin.m in Sources */ = {isa = PBXBuildFile; fileRef = 2257B273F4DB4A3DBA14C588 /* FacebookConnectPlugin.m */; };
		636A3A5A30FE468A808F5BB8 /* libGIP_Reachability.a in Frameworks */ = {isa = PBXBuildFile; fileRef = C8C1FB2E7A814C3F873BF818 /* libGIP_Reachability.a */; };
		6BCF56E8F654415EB2C643F1 /* libGTMSessionFetcher_full.a in Frameworks */ = {isa = PBXBuildFile; fileRef = 232CF0A093A5474CB463F559 /* libGTMSessionFetcher_full.a */; };
		6D42E77AB65043609850F1B3 /* CDVInAppBrowser.m in Sources */ = {isa = PBXBuildFile; fileRef = F9A4579CDAFB4606BDDE0B33 /* CDVInAppBrowser.m */; };
		6DFF87B3F08746D782C45417 /* AddressBook.framework in Frameworks */ = {isa = PBXBuildFile; fileRef = FE7C80C94A4845019EE8A4DA /* AddressBook.framework */; settings = {ATTRIBUTES = (Weak, ); }; };
		6FB50CBFF07F4721996054C8 /* libGTM_iPhone.a in Frameworks */ = {isa = PBXBuildFile; fileRef = 0DF948CEFC114994AFC45B63 /* libGTM_iPhone.a */; };
		71C83753055D42AAB3C86B53 /* CDVLocation.m in Sources */ = {isa = PBXBuildFile; fileRef = D39A5D687F4D44308B4DDE52 /* CDVLocation.m */; };
		74AAEBAF16E042D7A6D717E3 /* UIApplication+APPLocalNotification.m in Sources */ = {isa = PBXBuildFile; fileRef = 849FF0CE28364B6597EC023A /* UIApplication+APPLocalNotification.m */; };
		765F0EEDE45643FAA6453E10 /* getlunchRun.m in Sources */ = {isa = PBXBuildFile; fileRef = E33358C02DEF4B7E8F39D046 /* getlunchRun.m */; };
		84D485E2BD3546B4BE6311B1 /* libGTM_StringEncoding.a in Frameworks */ = {isa = PBXBuildFile; fileRef = 884FFF7338C3488A8AB43F59 /* libGTM_StringEncoding.a */; };
		947F4A9AF6BB43978CD66DEC /* CDVPlugin+APPAppEvent.m in Sources */ = {isa = PBXBuildFile; fileRef = 953180E965BC4151B87A91A1 /* CDVPlugin+APPAppEvent.m */; };
		992189A9DD7D41A18D5E8408 /* libGTM_SystemVersion.a in Frameworks */ = {isa = PBXBuildFile; fileRef = 941AD0AFC0874B34832E6781 /* libGTM_SystemVersion.a */; };
		999DFFE9930A4A9B88ED5594 /* libGTM_core.a in Frameworks */ = {isa = PBXBuildFile; fileRef = 52F6931F37FA4C50ABCD922A /* libGTM_core.a */; };
		A2FB24F1C65642BDBD3B52B3 /* libGGLCore.a in Frameworks */ = {isa = PBXBuildFile; fileRef = BBDD80761D8D4851A79260CA /* libGGLCore.a */; };
		A761EA0AF3DE41728F86D8AE /* libGSDK_Overload.a in Frameworks */ = {isa = PBXBuildFile; fileRef = CE39D0520B0745848DBFDFA9 /* libGSDK_Overload.a */; };
		A7E33A20A62249EF98A585F3 /* NSString+URLEncoding.m in Sources */ = {isa = PBXBuildFile; fileRef = 34853F7B562940AE9A745877 /* NSString+URLEncoding.m */; };
		AD9986705ACE4370A91B258E /* Social.framework in Frameworks */ = {isa = PBXBuildFile; fileRef = CEE5B27B9FD948D2887BFB98 /* Social.framework */; settings = {ATTRIBUTES = (Weak, ); }; };
		AF371E65C2C9411DB58F66AA /* libGTM_NSStringHTML.a in Frameworks */ = {isa = PBXBuildFile; fileRef = 50F14905B3C14D4EA8BDF09F /* libGTM_NSStringHTML.a */; };
		B89A4EBDA7894CA48FA4A67D /* libGTM_Regex.a in Frameworks */ = {isa = PBXBuildFile; fileRef = 358778C4FCE247EFB18D7828 /* libGTM_Regex.a */; };
		C28109D2EE9B40718010EB58 /* CDVCompass.m in Sources */ = {isa = PBXBuildFile; fileRef = 8FA1CD94C4F7486BADD19CC5 /* CDVCompass.m */; };
		C76F97349A3B47548DBF4CB4 /* libGTMSessionFetcher_core.a in Frameworks */ = {isa = PBXBuildFile; fileRef = 620CBC4B86F84F56B933004D /* libGTMSessionFetcher_core.a */; };
		C8C885EDADBC4F4D9B721DF9 /* PushPlugin.m in Sources */ = {isa = PBXBuildFile; fileRef = 8DD45AC8393B4F54A61E872D /* PushPlugin.m */; };
		CA1F0B5FA5CF45C3A5D8A2DB /* libz.tbd in Frameworks */ = {isa = PBXBuildFile; fileRef = 2A21AB739F66413499472981 /* libz.tbd */; };
		CC37045FF88C4F92BF3F5784 /* libGTM_RoundedRectPath.a in Frameworks */ = {isa = PBXBuildFile; fileRef = 760BE529EA2C4C77939B37E9 /* libGTM_RoundedRectPath.a */; };
		CCDD6B033D0F40318CE2DA12 /* AppDelegate+notification.m in Sources */ = {isa = PBXBuildFile; fileRef = FBD498104EFA4A78B78E0BA0 /* AppDelegate+notification.m */; };
		CEB626C8357B4545AE9A682F /* libGTM_NSData+zlib.a in Frameworks */ = {isa = PBXBuildFile; fileRef = 2723C56818BE482AA87C0769 /* libGTM_NSData+zlib.a */; };
		D8A9666AD04744B5808D5D27 /* CDVAccelerometer.m in Sources */ = {isa = PBXBuildFile; fileRef = 96204C431E40424EBE40948E /* CDVAccelerometer.m */; };
		DB768FFC565443E9955C0CBC /* FBSDKShareKit.framework in Frameworks */ = {isa = PBXBuildFile; fileRef = 4730B9F40C9543B08EF6A289 /* FBSDKShareKit.framework */; };
		DC93E2C9DCCD49EB92B9D9BE /* libGGLCloudMessaging.a in Frameworks */ = {isa = PBXBuildFile; fileRef = 4323CC72BD664BA5967A0756 /* libGGLCloudMessaging.a */; };
		E15EACFDB7C640128044A03C /* libGTM_NSScannerJSON.a in Frameworks */ = {isa = PBXBuildFile; fileRef = 710E3651656E434298A742F5 /* libGTM_NSScannerJSON.a */; };
		E176B913E5F24E3392EF9773 /* libProtocolBuffers.a in Frameworks */ = {isa = PBXBuildFile; fileRef = 6C335F4695594E0E9B1F0919 /* libProtocolBuffers.a */; };
		E2FB0F9F1E4E4D308D02126C /* libGTM_AddressBook.a in Frameworks */ = {isa = PBXBuildFile; fileRef = 6DF26D9D637C4AE180AED814 /* libGTM_AddressBook.a */; };
		F530FB1188FD4200A1CFCEAA /* CoreLocation.framework in Frameworks */ = {isa = PBXBuildFile; fileRef = AF70BFB728A44368B436B799 /* CoreLocation.framework */; };
		F7FB5C0C358E4105834867A0 /* CDVContact.m in Sources */ = {isa = PBXBuildFile; fileRef = 93E5D31547364977BB57CFDD /* CDVContact.m */; };
		F93059ECA9A94F7EB7E1489F /* CDVLogger.m in Sources */ = {isa = PBXBuildFile; fileRef = 778CB4B2D0484668A36DD585 /* CDVLogger.m */; };
		FEAC288CE71F41AF8325F9D7 /* MessageUI.framework in Frameworks */ = {isa = PBXBuildFile; fileRef = FF434DA7DA874F5389484360 /* MessageUI.framework */; settings = {ATTRIBUTES = (Weak, ); }; };
/* End PBXBuildFile section */

/* Begin PBXContainerItemProxy section */
		301BF534109A57CC0062928A /* PBXContainerItemProxy */ = {
			isa = PBXContainerItemProxy;
			containerPortal = 301BF52D109A57CC0062928A /* CordovaLib.xcodeproj */;
			proxyType = 2;
			remoteGlobalIDString = D2AAC07E0554694100DB518D;
			remoteInfo = CordovaLib;
		};
		301BF550109A68C00062928A /* PBXContainerItemProxy */ = {
			isa = PBXContainerItemProxy;
			containerPortal = 301BF52D109A57CC0062928A /* CordovaLib.xcodeproj */;
			proxyType = 1;
			remoteGlobalIDString = D2AAC07D0554694100DB518D;
			remoteInfo = CordovaLib;
		};
/* End PBXContainerItemProxy section */

/* Begin PBXFileReference section */
		018BE21448F64B1F9FA02F90 /* CDVContacts.m */ = {isa = PBXFileReference; explicitFileType = undefined; fileEncoding = 4; includeInIndex = 0; lastKnownFileType = sourcecode.c.objc; name = CDVContacts.m; path = "cordova-plugin-contacts/CDVContacts.m"; sourceTree = "<group>"; };
		0207DA571B56EA530066E2B4 /* Images.xcassets */ = {isa = PBXFileReference; lastKnownFileType = folder.assetcatalog; name = Images.xcassets; path = GetLunch/Images.xcassets; sourceTree = SOURCE_ROOT; };
		0C18E54570AB48A6BD7C39CD /* AppDelegate+APPAppEvent.m */ = {isa = PBXFileReference; explicitFileType = undefined; fileEncoding = 4; includeInIndex = 0; lastKnownFileType = sourcecode.c.objc; name = "AppDelegate+APPAppEvent.m"; path = "cordova-plugin-app-event/AppDelegate+APPAppEvent.m"; sourceTree = "<group>"; };
		0DF948CEFC114994AFC45B63 /* libGTM_iPhone.a */ = {isa = PBXFileReference; explicitFileType = undefined; fileEncoding = 9; includeInIndex = 0; lastKnownFileType = archive.ar; name = libGTM_iPhone.a; path = "GetLunch/Plugins/phonegap-plugin-push/GCM/Libraries/libGTM_iPhone.a"; sourceTree = "<group>"; };
		0F84C663E9FA45598120A711 /* libsqlite3.tbd */ = {isa = PBXFileReference; explicitFileType = undefined; fileEncoding = 9; includeInIndex = 0; lastKnownFileType = unknown; path = libsqlite3.tbd; sourceTree = "<group>"; };
		16211AFE9F964359BCA2687B /* AppDelegate+notification.h */ = {isa = PBXFileReference; explicitFileType = undefined; fileEncoding = 4; includeInIndex = 0; lastKnownFileType = sourcecode.c.h; name = "AppDelegate+notification.h"; path = "phonegap-plugin-push/AppDelegate+notification.h"; sourceTree = "<group>"; };
		1B8FD7FAFCEB4FA8A037223C /* CDVDevice.m */ = {isa = PBXFileReference; explicitFileType = undefined; fileEncoding = 4; includeInIndex = 0; lastKnownFileType = sourcecode.c.objc; name = CDVDevice.m; path = "cordova-plugin-device/CDVDevice.m"; sourceTree = "<group>"; };
		1D3623240D0F684500981E51 /* AppDelegate.h */ = {isa = PBXFileReference; fileEncoding = 4; lastKnownFileType = sourcecode.c.h; path = AppDelegate.h; sourceTree = "<group>"; };
		1D3623250D0F684500981E51 /* AppDelegate.m */ = {isa = PBXFileReference; fileEncoding = 4; lastKnownFileType = sourcecode.c.objc; path = AppDelegate.m; sourceTree = "<group>"; };
		1D6058910D05DD3D006BFB54 /* GetLunch.app */ = {isa = PBXFileReference; explicitFileType = wrapper.application; includeInIndex = 0; path = GetLunch.app; sourceTree = BUILT_PRODUCTS_DIR; };
		1ED133A27A6749B4BC072849 /* GoogleCloudMessaging.h */ = {isa = PBXFileReference; explicitFileType = undefined; fileEncoding = 4; includeInIndex = 0; lastKnownFileType = sourcecode.c.h; name = GoogleCloudMessaging.h; path = "phonegap-plugin-push/GCM/Headers/GoogleCloudMessaging.h"; sourceTree = "<group>"; };
		20BFC184A3104408A76B3782 /* CoreMotion.framework */ = {isa = PBXFileReference; explicitFileType = undefined; fileEncoding = 9; includeInIndex = 0; lastKnownFileType = wrapper.framework; name = CoreMotion.framework; path = System/Library/Frameworks/CoreMotion.framework; sourceTree = SDKROOT; };
		2257B273F4DB4A3DBA14C588 /* FacebookConnectPlugin.m */ = {isa = PBXFileReference; explicitFileType = undefined; fileEncoding = 4; includeInIndex = 0; lastKnownFileType = sourcecode.c.objc; name = FacebookConnectPlugin.m; path = "cordova-plugin-facebook4/FacebookConnectPlugin.m"; sourceTree = "<group>"; };
		232CF0A093A5474CB463F559 /* libGTMSessionFetcher_full.a */ = {isa = PBXFileReference; explicitFileType = undefined; fileEncoding = 9; includeInIndex = 0; lastKnownFileType = archive.ar; name = libGTMSessionFetcher_full.a; path = "GetLunch/Plugins/phonegap-plugin-push/GCM/Libraries/libGTMSessionFetcher_full.a"; sourceTree = "<group>"; };
		2456C673A65947338484FCCA /* FBSDKCoreKit.framework */ = {isa = PBXFileReference; explicitFileType = undefined; fileEncoding = 9; includeInIndex = 0; lastKnownFileType = wrapper.framework; name = FBSDKCoreKit.framework; path = "GetLunch/Plugins/cordova-plugin-facebook4/FBSDKCoreKit.framework"; sourceTree = "<group>"; };
		2723C56818BE482AA87C0769 /* libGTM_NSData+zlib.a */ = {isa = PBXFileReference; explicitFileType = undefined; fileEncoding = 9; includeInIndex = 0; lastKnownFileType = archive.ar; name = "libGTM_NSData+zlib.a"; path = "GetLunch/Plugins/phonegap-plugin-push/GCM/Libraries/libGTM_NSData+zlib.a"; sourceTree = "<group>"; };
		29B97316FDCFA39411CA2CEA /* main.m */ = {isa = PBXFileReference; fileEncoding = 4; lastKnownFileType = sourcecode.c.objc; path = main.m; sourceTree = "<group>"; };
		2A21AB739F66413499472981 /* libz.tbd */ = {isa = PBXFileReference; explicitFileType = undefined; fileEncoding = 9; includeInIndex = 0; lastKnownFileType = unknown; path = libz.tbd; sourceTree = "<group>"; };
		301BF52D109A57CC0062928A /* CordovaLib.xcodeproj */ = {isa = PBXFileReference; lastKnownFileType = "wrapper.pb-project"; name = CordovaLib.xcodeproj; path = CordovaLib/CordovaLib.xcodeproj; sourceTree = "<group>"; };
		301BF56E109A69640062928A /* www */ = {isa = PBXFileReference; lastKnownFileType = folder; path = www; sourceTree = SOURCE_ROOT; };
		302D95EE14D2391D003F00A1 /* MainViewController.h */ = {isa = PBXFileReference; fileEncoding = 4; lastKnownFileType = sourcecode.c.h; path = MainViewController.h; sourceTree = "<group>"; };
		302D95EF14D2391D003F00A1 /* MainViewController.m */ = {isa = PBXFileReference; fileEncoding = 4; lastKnownFileType = sourcecode.c.objc; path = MainViewController.m; sourceTree = "<group>"; };
		302D95F014D2391D003F00A1 /* MainViewController.xib */ = {isa = PBXFileReference; fileEncoding = 4; lastKnownFileType = file.xib; path = MainViewController.xib; sourceTree = "<group>"; };
		3042077089A446B48367C3B4 /* GCMConfig.h */ = {isa = PBXFileReference; explicitFileType = undefined; fileEncoding = 4; includeInIndex = 0; lastKnownFileType = sourcecode.c.h; name = GCMConfig.h; path = "phonegap-plugin-push/GCM/Headers/GCMConfig.h"; sourceTree = "<group>"; };
		3047A50F1AB8059700498E2A /* build-debug.xcconfig */ = {isa = PBXFileReference; fileEncoding = 4; lastKnownFileType = text.xcconfig; name = "build-debug.xcconfig"; path = "cordova/build-debug.xcconfig"; sourceTree = SOURCE_ROOT; };
		3047A5101AB8059700498E2A /* build-release.xcconfig */ = {isa = PBXFileReference; fileEncoding = 4; lastKnownFileType = text.xcconfig; name = "build-release.xcconfig"; path = "cordova/build-release.xcconfig"; sourceTree = SOURCE_ROOT; };
		3047A5111AB8059700498E2A /* build.xcconfig */ = {isa = PBXFileReference; fileEncoding = 4; lastKnownFileType = text.xcconfig; name = build.xcconfig; path = cordova/build.xcconfig; sourceTree = SOURCE_ROOT; };
		32CA4F630368D1EE00C91783 /* GetLunch-Prefix.pch */ = {isa = PBXFileReference; fileEncoding = 4; lastKnownFileType = sourcecode.c.h; path = "GetLunch-Prefix.pch"; sourceTree = "<group>"; };
		3454E60760A946B1B6DBAA95 /* libGcmLib.a */ = {isa = PBXFileReference; explicitFileType = undefined; fileEncoding = 9; includeInIndex = 0; lastKnownFileType = archive.ar; name = libGcmLib.a; path = "GetLunch/Plugins/phonegap-plugin-push/GCM/Libraries/libGcmLib.a"; sourceTree = "<group>"; };
		34853F7B562940AE9A745877 /* NSString+URLEncoding.m */ = {isa = PBXFileReference; explicitFileType = undefined; fileEncoding = 4; includeInIndex = 0; lastKnownFileType = sourcecode.c.objc; name = "NSString+URLEncoding.m"; path = "cordova-plugin-x-socialsharing/NSString+URLEncoding.m"; sourceTree = "<group>"; };
		3518F206D9F74B8BB004C1D2 /* GGLContext.h */ = {isa = PBXFileReference; explicitFileType = undefined; fileEncoding = 4; includeInIndex = 0; lastKnownFileType = sourcecode.c.h; name = GGLContext.h; path = "phonegap-plugin-push/GCM/Headers/GGLContext.h"; sourceTree = "<group>"; };
		357ED1CEA26A447EB4FB7A54 /* NSString+URLEncoding.h */ = {isa = PBXFileReference; explicitFileType = undefined; fileEncoding = 4; includeInIndex = 0; lastKnownFileType = sourcecode.c.h; name = "NSString+URLEncoding.h"; path = "cordova-plugin-x-socialsharing/NSString+URLEncoding.h"; sourceTree = "<group>"; };
		358778C4FCE247EFB18D7828 /* libGTM_Regex.a */ = {isa = PBXFileReference; explicitFileType = undefined; fileEncoding = 9; includeInIndex = 0; lastKnownFileType = archive.ar; name = libGTM_Regex.a; path = "GetLunch/Plugins/phonegap-plugin-push/GCM/Libraries/libGTM_Regex.a"; sourceTree = "<group>"; };
		4323CC72BD664BA5967A0756 /* libGGLCloudMessaging.a */ = {isa = PBXFileReference; explicitFileType = undefined; fileEncoding = 9; includeInIndex = 0; lastKnownFileType = archive.ar; name = libGGLCloudMessaging.a; path = "GetLunch/Plugins/phonegap-plugin-push/GCM/Libraries/libGGLCloudMessaging.a"; sourceTree = "<group>"; };
		43A62B44530A4583B96797B8 /* libGGLInstanceIDLib.a */ = {isa = PBXFileReference; explicitFileType = undefined; fileEncoding = 9; includeInIndex = 0; lastKnownFileType = archive.ar; name = libGGLInstanceIDLib.a; path = "GetLunch/Plugins/phonegap-plugin-push/GCM/Libraries/libGGLInstanceIDLib.a"; sourceTree = "<group>"; };
		440F6F5FA2CA4FE7B7E5491E /* CDVLogger.h */ = {isa = PBXFileReference; explicitFileType = undefined; fileEncoding = 4; includeInIndex = 0; lastKnownFileType = sourcecode.c.h; name = CDVLogger.h; path = "cordova-plugin-console/CDVLogger.h"; sourceTree = "<group>"; };
		441520C389F94208BFA4E613 /* GGLInstanceIDDelegate.h */ = {isa = PBXFileReference; explicitFileType = undefined; fileEncoding = 4; includeInIndex = 0; lastKnownFileType = sourcecode.c.h; name = GGLInstanceIDDelegate.h; path = "phonegap-plugin-push/GCM/Headers/GGLInstanceIDDelegate.h"; sourceTree = "<group>"; };
		45AD8BEFB7CE4CB8A95494B9 /* CDVDevice.h */ = {isa = PBXFileReference; explicitFileType = undefined; fileEncoding = 4; includeInIndex = 0; lastKnownFileType = sourcecode.c.h; name = CDVDevice.h; path = "cordova-plugin-device/CDVDevice.h"; sourceTree = "<group>"; };
		4730B9F40C9543B08EF6A289 /* FBSDKShareKit.framework */ = {isa = PBXFileReference; explicitFileType = undefined; fileEncoding = 9; includeInIndex = 0; lastKnownFileType = wrapper.framework; name = FBSDKShareKit.framework; path = "GetLunch/Plugins/cordova-plugin-facebook4/FBSDKShareKit.framework"; sourceTree = "<group>"; };
		48EB1E00FC914A098E1C6DB5 /* APPLocalNotificationOptions.h */ = {isa = PBXFileReference; explicitFileType = undefined; fileEncoding = 4; includeInIndex = 0; lastKnownFileType = sourcecode.c.h; name = APPLocalNotificationOptions.h; path = "de.appplant.cordova.plugin.local-notification/APPLocalNotificationOptions.h"; sourceTree = "<group>"; };
		4EACCAF1D09F484CAD3AC785 /* FacebookConnectPlugin.h */ = {isa = PBXFileReference; explicitFileType = undefined; fileEncoding = 4; includeInIndex = 0; lastKnownFileType = sourcecode.c.h; name = FacebookConnectPlugin.h; path = "cordova-plugin-facebook4/FacebookConnectPlugin.h"; sourceTree = "<group>"; };
		4ECBDB31A80E48D2888F38E0 /* libGTM_KVO.a */ = {isa = PBXFileReference; explicitFileType = undefined; fileEncoding = 9; includeInIndex = 0; lastKnownFileType = archive.ar; name = libGTM_KVO.a; path = "GetLunch/Plugins/phonegap-plugin-push/GCM/Libraries/libGTM_KVO.a"; sourceTree = "<group>"; };
		50A984B9422D40B990433453 /* Bolts.framework */ = {isa = PBXFileReference; explicitFileType = undefined; fileEncoding = 9; includeInIndex = 0; lastKnownFileType = wrapper.framework; name = Bolts.framework; path = "GetLunch/Plugins/cordova-plugin-facebook4/Bolts.framework"; sourceTree = "<group>"; };
		50F14905B3C14D4EA8BDF09F /* libGTM_NSStringHTML.a */ = {isa = PBXFileReference; explicitFileType = undefined; fileEncoding = 9; includeInIndex = 0; lastKnownFileType = archive.ar; name = libGTM_NSStringHTML.a; path = "GetLunch/Plugins/phonegap-plugin-push/GCM/Libraries/libGTM_NSStringHTML.a"; sourceTree = "<group>"; };
		5124612EE4584EBD8C7EE146 /* UIApplication+APPLocalNotification.h */ = {isa = PBXFileReference; explicitFileType = undefined; fileEncoding = 4; includeInIndex = 0; lastKnownFileType = sourcecode.c.h; name = "UIApplication+APPLocalNotification.h"; path = "de.appplant.cordova.plugin.local-notification/UIApplication+APPLocalNotification.h"; sourceTree = "<group>"; };
		51A23D620BAC43DE95DC4650 /* GCMService.h */ = {isa = PBXFileReference; explicitFileType = undefined; fileEncoding = 4; includeInIndex = 0; lastKnownFileType = sourcecode.c.h; name = GCMService.h; path = "phonegap-plugin-push/GCM/Headers/GCMService.h"; sourceTree = "<group>"; };
		52F6931F37FA4C50ABCD922A /* libGTM_core.a */ = {isa = PBXFileReference; explicitFileType = undefined; fileEncoding = 9; includeInIndex = 0; lastKnownFileType = archive.ar; name = libGTM_core.a; path = "GetLunch/Plugins/phonegap-plugin-push/GCM/Libraries/libGTM_core.a"; sourceTree = "<group>"; };
		53FD7FDC503A49C9B3E9FE5A /* SocialSharing.m */ = {isa = PBXFileReference; explicitFileType = undefined; fileEncoding = 4; includeInIndex = 0; lastKnownFileType = sourcecode.c.objc; name = SocialSharing.m; path = "cordova-plugin-x-socialsharing/SocialSharing.m"; sourceTree = "<group>"; };
		57BA0CD36C2240639733E78C /* CDVInAppBrowser.h */ = {isa = PBXFileReference; explicitFileType = undefined; fileEncoding = 4; includeInIndex = 0; lastKnownFileType = sourcecode.c.h; name = CDVInAppBrowser.h; path = "cordova-plugin-inappbrowser/CDVInAppBrowser.h"; sourceTree = "<group>"; };
		5809FDC11DE1402297B1366E /* libGTM_GTMURLBuilder.a */ = {isa = PBXFileReference; explicitFileType = undefined; fileEncoding = 9; includeInIndex = 0; lastKnownFileType = archive.ar; name = libGTM_GTMURLBuilder.a; path = "GetLunch/Plugins/phonegap-plugin-push/GCM/Libraries/libGTM_GTMURLBuilder.a"; sourceTree = "<group>"; };
		59945B892DE84F2887F9FA05 /* APPLocalNotificationOptions.m */ = {isa = PBXFileReference; explicitFileType = undefined; fileEncoding = 4; includeInIndex = 0; lastKnownFileType = sourcecode.c.objc; name = APPLocalNotificationOptions.m; path = "de.appplant.cordova.plugin.local-notification/APPLocalNotificationOptions.m"; sourceTree = "<group>"; };
		5A675F4FF46F428E95769AB8 /* CDVLocation.h */ = {isa = PBXFileReference; explicitFileType = undefined; fileEncoding = 4; includeInIndex = 0; lastKnownFileType = sourcecode.c.h; name = CDVLocation.h; path = "cordova-plugin-geolocation/CDVLocation.h"; sourceTree = "<group>"; };
		5D9B9113283C44228383B0AE /* GGLErrorCode.h */ = {isa = PBXFileReference; explicitFileType = undefined; fileEncoding = 4; includeInIndex = 0; lastKnownFileType = sourcecode.c.h; name = GGLErrorCode.h; path = "phonegap-plugin-push/GCM/Headers/GGLErrorCode.h"; sourceTree = "<group>"; };
		5EEA56A911D44E16A1C91747 /* CDVPlugin+APPAppEvent.h */ = {isa = PBXFileReference; explicitFileType = undefined; fileEncoding = 4; includeInIndex = 0; lastKnownFileType = sourcecode.c.h; name = "CDVPlugin+APPAppEvent.h"; path = "cordova-plugin-app-event/CDVPlugin+APPAppEvent.h"; sourceTree = "<group>"; };
		620CBC4B86F84F56B933004D /* libGTMSessionFetcher_core.a */ = {isa = PBXFileReference; explicitFileType = undefined; fileEncoding = 9; includeInIndex = 0; lastKnownFileType = archive.ar; name = libGTMSessionFetcher_core.a; path = "GetLunch/Plugins/phonegap-plugin-push/GCM/Libraries/libGTMSessionFetcher_core.a"; sourceTree = "<group>"; };
		6843D12193FB4A4C9B1CCB81 /* APPLocalNotification.m */ = {isa = PBXFileReference; explicitFileType = undefined; fileEncoding = 4; includeInIndex = 0; lastKnownFileType = sourcecode.c.objc; name = APPLocalNotification.m; path = "de.appplant.cordova.plugin.local-notification/APPLocalNotification.m"; sourceTree = "<group>"; };
		6A686FEAB31743F385FB17BA /* CDVContacts.h */ = {isa = PBXFileReference; explicitFileType = undefined; fileEncoding = 4; includeInIndex = 0; lastKnownFileType = sourcecode.c.h; name = CDVContacts.h; path = "cordova-plugin-contacts/CDVContacts.h"; sourceTree = "<group>"; };
		6C335F4695594E0E9B1F0919 /* libProtocolBuffers.a */ = {isa = PBXFileReference; explicitFileType = undefined; fileEncoding = 9; includeInIndex = 0; lastKnownFileType = archive.ar; name = libProtocolBuffers.a; path = "GetLunch/Plugins/phonegap-plugin-push/GCM/Libraries/libProtocolBuffers.a"; sourceTree = "<group>"; };
		6DF26D9D637C4AE180AED814 /* libGTM_AddressBook.a */ = {isa = PBXFileReference; explicitFileType = undefined; fileEncoding = 9; includeInIndex = 0; lastKnownFileType = archive.ar; name = libGTM_AddressBook.a; path = "GetLunch/Plugins/phonegap-plugin-push/GCM/Libraries/libGTM_AddressBook.a"; sourceTree = "<group>"; };
		6E22401EA835475487BC0194 /* AppDelegate+APPAppEvent.h */ = {isa = PBXFileReference; explicitFileType = undefined; fileEncoding = 4; includeInIndex = 0; lastKnownFileType = sourcecode.c.h; name = "AppDelegate+APPAppEvent.h"; path = "cordova-plugin-app-event/AppDelegate+APPAppEvent.h"; sourceTree = "<group>"; };
		6E4E8D3CA21944E4AF7D917D /* CloudMessaging.h */ = {isa = PBXFileReference; explicitFileType = undefined; fileEncoding = 4; includeInIndex = 0; lastKnownFileType = sourcecode.c.h; name = CloudMessaging.h; path = "phonegap-plugin-push/GCM/Headers/CloudMessaging.h"; sourceTree = "<group>"; };
		710E3651656E434298A742F5 /* libGTM_NSScannerJSON.a */ = {isa = PBXFileReference; explicitFileType = undefined; fileEncoding = 9; includeInIndex = 0; lastKnownFileType = archive.ar; name = libGTM_NSScannerJSON.a; path = "GetLunch/Plugins/phonegap-plugin-push/GCM/Libraries/libGTM_NSScannerJSON.a"; sourceTree = "<group>"; };
		760BE529EA2C4C77939B37E9 /* libGTM_RoundedRectPath.a */ = {isa = PBXFileReference; explicitFileType = undefined; fileEncoding = 9; includeInIndex = 0; lastKnownFileType = archive.ar; name = libGTM_RoundedRectPath.a; path = "GetLunch/Plugins/phonegap-plugin-push/GCM/Libraries/libGTM_RoundedRectPath.a"; sourceTree = "<group>"; };
		778CB4B2D0484668A36DD585 /* CDVLogger.m */ = {isa = PBXFileReference; explicitFileType = undefined; fileEncoding = 4; includeInIndex = 0; lastKnownFileType = sourcecode.c.objc; name = CDVLogger.m; path = "cordova-plugin-console/CDVLogger.m"; sourceTree = "<group>"; };
		7FFA839CF93F43EB93E93B8D /* CDVAccelerometer.h */ = {isa = PBXFileReference; explicitFileType = undefined; fileEncoding = 4; includeInIndex = 0; lastKnownFileType = sourcecode.c.h; name = CDVAccelerometer.h; path = "cordova-plugin-device-motion/CDVAccelerometer.h"; sourceTree = "<group>"; };
		81CB93E62E1548DC94BA0B71 /* FBSDKLoginKit.framework */ = {isa = PBXFileReference; explicitFileType = undefined; fileEncoding = 9; includeInIndex = 0; lastKnownFileType = wrapper.framework; name = FBSDKLoginKit.framework; path = "GetLunch/Plugins/cordova-plugin-facebook4/FBSDKLoginKit.framework"; sourceTree = "<group>"; };
		849FF0CE28364B6597EC023A /* UIApplication+APPLocalNotification.m */ = {isa = PBXFileReference; explicitFileType = undefined; fileEncoding = 4; includeInIndex = 0; lastKnownFileType = sourcecode.c.objc; name = "UIApplication+APPLocalNotification.m"; path = "de.appplant.cordova.plugin.local-notification/UIApplication+APPLocalNotification.m"; sourceTree = "<group>"; };
		8539B5A62EAE4F9E9F2450B4 /* libGTM_DebugUtils.a */ = {isa = PBXFileReference; explicitFileType = undefined; fileEncoding = 9; includeInIndex = 0; lastKnownFileType = archive.ar; name = libGTM_DebugUtils.a; path = "GetLunch/Plugins/phonegap-plugin-push/GCM/Libraries/libGTM_DebugUtils.a"; sourceTree = "<group>"; };
		85F9A22B0F834BC0B8049A7F /* GGLContext+CloudMessaging.h */ = {isa = PBXFileReference; explicitFileType = undefined; fileEncoding = 4; includeInIndex = 0; lastKnownFileType = sourcecode.c.h; name = "GGLContext+CloudMessaging.h"; path = "phonegap-plugin-push/GCM/Headers/GGLContext+CloudMessaging.h"; sourceTree = "<group>"; };
		884FFF7338C3488A8AB43F59 /* libGTM_StringEncoding.a */ = {isa = PBXFileReference; explicitFileType = undefined; fileEncoding = 9; includeInIndex = 0; lastKnownFileType = archive.ar; name = libGTM_StringEncoding.a; path = "GetLunch/Plugins/phonegap-plugin-push/GCM/Libraries/libGTM_StringEncoding.a"; sourceTree = "<group>"; };
		8D1107310486CEB800E47090 /* GetLunch-Info.plist */ = {isa = PBXFileReference; fileEncoding = 4; lastKnownFileType = text.plist.xml; name = "GetLunch-Info.plist"; path = "GetLunch/GetLunch-Info.plist"; plistStructureDefinitionIdentifier = "com.apple.xcode.plist.structure-definition.iphone.info-plist"; sourceTree = SOURCE_ROOT; };
		8DD45AC8393B4F54A61E872D /* PushPlugin.m */ = {isa = PBXFileReference; explicitFileType = undefined; fileEncoding = 4; includeInIndex = 0; lastKnownFileType = sourcecode.c.objc; name = PushPlugin.m; path = "phonegap-plugin-push/PushPlugin.m"; sourceTree = "<group>"; };
		8FA1CD94C4F7486BADD19CC5 /* CDVCompass.m */ = {isa = PBXFileReference; explicitFileType = undefined; fileEncoding = 4; includeInIndex = 0; lastKnownFileType = sourcecode.c.objc; name = CDVCompass.m; path = "cordova-plugin-device-orientation/CDVCompass.m"; sourceTree = "<group>"; };
		93E5D31547364977BB57CFDD /* CDVContact.m */ = {isa = PBXFileReference; explicitFileType = undefined; fileEncoding = 4; includeInIndex = 0; lastKnownFileType = sourcecode.c.objc; name = CDVContact.m; path = "cordova-plugin-contacts/CDVContact.m"; sourceTree = "<group>"; };
		93FDC744CA9B4C13A9044435 /* SocialSharing.h */ = {isa = PBXFileReference; explicitFileType = undefined; fileEncoding = 4; includeInIndex = 0; lastKnownFileType = sourcecode.c.h; name = SocialSharing.h; path = "cordova-plugin-x-socialsharing/SocialSharing.h"; sourceTree = "<group>"; };
		941AD0AFC0874B34832E6781 /* libGTM_SystemVersion.a */ = {isa = PBXFileReference; explicitFileType = undefined; fileEncoding = 9; includeInIndex = 0; lastKnownFileType = archive.ar; name = libGTM_SystemVersion.a; path = "GetLunch/Plugins/phonegap-plugin-push/GCM/Libraries/libGTM_SystemVersion.a"; sourceTree = "<group>"; };
		94B182F3D13B40C3BE13D7E6 /* UILocalNotification+APPLocalNotification.m */ = {isa = PBXFileReference; explicitFileType = undefined; fileEncoding = 4; includeInIndex = 0; lastKnownFileType = sourcecode.c.objc; name = "UILocalNotification+APPLocalNotification.m"; path = "de.appplant.cordova.plugin.local-notification/UILocalNotification+APPLocalNotification.m"; sourceTree = "<group>"; };
		953180E965BC4151B87A91A1 /* CDVPlugin+APPAppEvent.m */ = {isa = PBXFileReference; explicitFileType = undefined; fileEncoding = 4; includeInIndex = 0; lastKnownFileType = sourcecode.c.objc; name = "CDVPlugin+APPAppEvent.m"; path = "cordova-plugin-app-event/CDVPlugin+APPAppEvent.m"; sourceTree = "<group>"; };
		9532B3AE92D947D288849BED /* APPAppEventDelegate.h */ = {isa = PBXFileReference; explicitFileType = undefined; fileEncoding = 4; includeInIndex = 0; lastKnownFileType = sourcecode.c.h; name = APPAppEventDelegate.h; path = "cordova-plugin-app-event/APPAppEventDelegate.h"; sourceTree = "<group>"; };
		9600EE39CAF3449DBF44F779 /* GCMReceiverDelegate.h */ = {isa = PBXFileReference; explicitFileType = undefined; fileEncoding = 4; includeInIndex = 0; lastKnownFileType = sourcecode.c.h; name = GCMReceiverDelegate.h; path = "phonegap-plugin-push/GCM/Headers/GCMReceiverDelegate.h"; sourceTree = "<group>"; };
		96204C431E40424EBE40948E /* CDVAccelerometer.m */ = {isa = PBXFileReference; explicitFileType = undefined; fileEncoding = 4; includeInIndex = 0; lastKnownFileType = sourcecode.c.objc; name = CDVAccelerometer.m; path = "cordova-plugin-device-motion/CDVAccelerometer.m"; sourceTree = "<group>"; };
		9A5F52BF9ACE424F95CD5599 /* libGTM_NSStringXML.a */ = {isa = PBXFileReference; explicitFileType = undefined; fileEncoding = 9; includeInIndex = 0; lastKnownFileType = archive.ar; name = libGTM_NSStringXML.a; path = "GetLunch/Plugins/phonegap-plugin-push/GCM/Libraries/libGTM_NSStringXML.a"; sourceTree = "<group>"; };
		9D28065FEE274B2A9728FA8A /* PushPlugin.h */ = {isa = PBXFileReference; explicitFileType = undefined; fileEncoding = 4; includeInIndex = 0; lastKnownFileType = sourcecode.c.h; name = PushPlugin.h; path = "phonegap-plugin-push/PushPlugin.h"; sourceTree = "<group>"; };
		AF70BFB728A44368B436B799 /* CoreLocation.framework */ = {isa = PBXFileReference; explicitFileType = undefined; fileEncoding = 9; includeInIndex = 0; lastKnownFileType = wrapper.framework; name = CoreLocation.framework; path = System/Library/Frameworks/CoreLocation.framework; sourceTree = SDKROOT; };
		B568AD2C72F241319FDDFDFC /* libGTM_UIFont+LineHeight.a */ = {isa = PBXFileReference; explicitFileType = undefined; fileEncoding = 9; includeInIndex = 0; lastKnownFileType = archive.ar; name = "libGTM_UIFont+LineHeight.a"; path = "GetLunch/Plugins/phonegap-plugin-push/GCM/Libraries/libGTM_UIFont+LineHeight.a"; sourceTree = "<group>"; };
		BBDD80761D8D4851A79260CA /* libGGLCore.a */ = {isa = PBXFileReference; explicitFileType = undefined; fileEncoding = 9; includeInIndex = 0; lastKnownFileType = archive.ar; name = libGGLCore.a; path = "GetLunch/Plugins/phonegap-plugin-push/GCM/Libraries/libGGLCore.a"; sourceTree = "<group>"; };
		C28B97D6030B4132B75E7239 /* GCMPubSub.h */ = {isa = PBXFileReference; explicitFileType = undefined; fileEncoding = 4; includeInIndex = 0; lastKnownFileType = sourcecode.c.h; name = GCMPubSub.h; path = "phonegap-plugin-push/GCM/Headers/GCMPubSub.h"; sourceTree = "<group>"; };
		C5F9EDBCCD9E422E8A83BC29 /* Core.h */ = {isa = PBXFileReference; explicitFileType = undefined; fileEncoding = 4; includeInIndex = 0; lastKnownFileType = sourcecode.c.h; name = Core.h; path = "phonegap-plugin-push/GCM/Headers/Core.h"; sourceTree = "<group>"; };
		C8C1FB2E7A814C3F873BF818 /* libGIP_Reachability.a */ = {isa = PBXFileReference; explicitFileType = undefined; fileEncoding = 9; includeInIndex = 0; lastKnownFileType = archive.ar; name = libGIP_Reachability.a; path = "GetLunch/Plugins/phonegap-plugin-push/GCM/Libraries/libGIP_Reachability.a"; sourceTree = "<group>"; };
		C9A4E9D55F0847E6A8A3F6AF /* libGTM_NSDictionary+URLArguments.a */ = {isa = PBXFileReference; explicitFileType = undefined; fileEncoding = 9; includeInIndex = 0; lastKnownFileType = archive.ar; name = "libGTM_NSDictionary+URLArguments.a"; path = "GetLunch/Plugins/phonegap-plugin-push/GCM/Libraries/libGTM_NSDictionary+URLArguments.a"; sourceTree = "<group>"; };
		CE39D0520B0745848DBFDFA9 /* libGSDK_Overload.a */ = {isa = PBXFileReference; explicitFileType = undefined; fileEncoding = 9; includeInIndex = 0; lastKnownFileType = archive.ar; name = libGSDK_Overload.a; path = "GetLunch/Plugins/phonegap-plugin-push/GCM/Libraries/libGSDK_Overload.a"; sourceTree = "<group>"; };
		CEE5B27B9FD948D2887BFB98 /* Social.framework */ = {isa = PBXFileReference; explicitFileType = undefined; fileEncoding = 9; includeInIndex = 0; lastKnownFileType = wrapper.framework; name = Social.framework; path = System/Library/Frameworks/Social.framework; sourceTree = SDKROOT; };
		CFE68FEF307448C7942D00EA /* CDVContact.h */ = {isa = PBXFileReference; explicitFileType = undefined; fileEncoding = 4; includeInIndex = 0; lastKnownFileType = sourcecode.c.h; name = CDVContact.h; path = "cordova-plugin-contacts/CDVContact.h"; sourceTree = "<group>"; };
		D316CC039B074D09AEF2B3A5 /* GGLInstanceIDHeaders.h */ = {isa = PBXFileReference; explicitFileType = undefined; fileEncoding = 4; includeInIndex = 0; lastKnownFileType = sourcecode.c.h; name = GGLInstanceIDHeaders.h; path = "phonegap-plugin-push/GCM/Headers/GGLInstanceIDHeaders.h"; sourceTree = "<group>"; };
		D39A5D687F4D44308B4DDE52 /* CDVLocation.m */ = {isa = PBXFileReference; explicitFileType = undefined; fileEncoding = 4; includeInIndex = 0; lastKnownFileType = sourcecode.c.objc; name = CDVLocation.m; path = "cordova-plugin-geolocation/CDVLocation.m"; sourceTree = "<group>"; };
		D9B35941F3604DE58C6BFEC7 /* libGTMStackTrace.a */ = {isa = PBXFileReference; explicitFileType = undefined; fileEncoding = 9; includeInIndex = 0; lastKnownFileType = archive.ar; name = libGTMStackTrace.a; path = "GetLunch/Plugins/phonegap-plugin-push/GCM/Libraries/libGTMStackTrace.a"; sourceTree = "<group>"; };
		DEC1FC2A0C9040038AAC3B3F /* GGLConfiguration.h */ = {isa = PBXFileReference; explicitFileType = undefined; fileEncoding = 4; includeInIndex = 0; lastKnownFileType = sourcecode.c.h; name = GGLConfiguration.h; path = "phonegap-plugin-push/GCM/Headers/GGLConfiguration.h"; sourceTree = "<group>"; };
		E3271B25438C4F0AB934A8B7 /* CDVCompass.h */ = {isa = PBXFileReference; explicitFileType = undefined; fileEncoding = 4; includeInIndex = 0; lastKnownFileType = sourcecode.c.h; name = CDVCompass.h; path = "cordova-plugin-device-orientation/CDVCompass.h"; sourceTree = "<group>"; };
		E33358C02DEF4B7E8F39D046 /* getlunchRun.m */ = {isa = PBXFileReference; explicitFileType = undefined; fileEncoding = 4; includeInIndex = 0; lastKnownFileType = sourcecode.c.objc; name = getlunchRun.m; path = ru.getlunch.run/getlunchRun.m; sourceTree = "<group>"; };
		E5218AE104F74EEC8B4199E3 /* GGLInstanceID.h */ = {isa = PBXFileReference; explicitFileType = undefined; fileEncoding = 4; includeInIndex = 0; lastKnownFileType = sourcecode.c.h; name = GGLInstanceID.h; path = "phonegap-plugin-push/GCM/Headers/GGLInstanceID.h"; sourceTree = "<group>"; };
		EB46A21B36E744B3A21FD610 /* UILocalNotification+APPLocalNotification.h */ = {isa = PBXFileReference; explicitFileType = undefined; fileEncoding = 4; includeInIndex = 0; lastKnownFileType = sourcecode.c.h; name = "UILocalNotification+APPLocalNotification.h"; path = "de.appplant.cordova.plugin.local-notification/UILocalNotification+APPLocalNotification.h"; sourceTree = "<group>"; };
		EB87FDF31871DA8E0020F90C /* www */ = {isa = PBXFileReference; lastKnownFileType = folder; name = www; path = ../../www; sourceTree = "<group>"; };
		EB87FDF41871DAF40020F90C /* config.xml */ = {isa = PBXFileReference; lastKnownFileType = text.xml; name = config.xml; path = ../../config.xml; sourceTree = "<group>"; };
		ED33DF2A687741AEAF9F8254 /* Bridging-Header.h */ = {isa = PBXFileReference; fileEncoding = 4; lastKnownFileType = sourcecode.c.h; path = "Bridging-Header.h"; sourceTree = "<group>"; };
		F65529FA78534DDB94CA6E1F /* getlunchRun.h */ = {isa = PBXFileReference; explicitFileType = undefined; fileEncoding = 4; includeInIndex = 0; lastKnownFileType = sourcecode.c.h; name = getlunchRun.h; path = ru.getlunch.run/getlunchRun.h; sourceTree = "<group>"; };
		F840E1F0165FE0F500CFE078 /* config.xml */ = {isa = PBXFileReference; lastKnownFileType = text.xml; name = config.xml; path = GetLunch/config.xml; sourceTree = "<group>"; };
		F9A4579CDAFB4606BDDE0B33 /* CDVInAppBrowser.m */ = {isa = PBXFileReference; explicitFileType = undefined; fileEncoding = 4; includeInIndex = 0; lastKnownFileType = sourcecode.c.objc; name = CDVInAppBrowser.m; path = "cordova-plugin-inappbrowser/CDVInAppBrowser.m"; sourceTree = "<group>"; };
		FA059206446D408B8A1B183D /* GGLInstanceIDConfig.h */ = {isa = PBXFileReference; explicitFileType = undefined; fileEncoding = 4; includeInIndex = 0; lastKnownFileType = sourcecode.c.h; name = GGLInstanceIDConfig.h; path = "phonegap-plugin-push/GCM/Headers/GGLInstanceIDConfig.h"; sourceTree = "<group>"; };
		FA22C4DBF5084557A8C55EA8 /* APPLocalNotification.h */ = {isa = PBXFileReference; explicitFileType = undefined; fileEncoding = 4; includeInIndex = 0; lastKnownFileType = sourcecode.c.h; name = APPLocalNotification.h; path = "de.appplant.cordova.plugin.local-notification/APPLocalNotification.h"; sourceTree = "<group>"; };
		FBD498104EFA4A78B78E0BA0 /* AppDelegate+notification.m */ = {isa = PBXFileReference; explicitFileType = undefined; fileEncoding = 4; includeInIndex = 0; lastKnownFileType = sourcecode.c.objc; name = "AppDelegate+notification.m"; path = "phonegap-plugin-push/AppDelegate+notification.m"; sourceTree = "<group>"; };
		FC5345CF787D477DAA336004 /* AddressBookUI.framework */ = {isa = PBXFileReference; explicitFileType = undefined; fileEncoding = 9; includeInIndex = 0; lastKnownFileType = wrapper.framework; name = AddressBookUI.framework; path = System/Library/Frameworks/AddressBookUI.framework; sourceTree = SDKROOT; };
		FE7C80C94A4845019EE8A4DA /* AddressBook.framework */ = {isa = PBXFileReference; explicitFileType = undefined; fileEncoding = 9; includeInIndex = 0; lastKnownFileType = wrapper.framework; name = AddressBook.framework; path = System/Library/Frameworks/AddressBook.framework; sourceTree = SDKROOT; };
		FF434DA7DA874F5389484360 /* MessageUI.framework */ = {isa = PBXFileReference; explicitFileType = undefined; fileEncoding = 9; includeInIndex = 0; lastKnownFileType = wrapper.framework; name = MessageUI.framework; path = System/Library/Frameworks/MessageUI.framework; sourceTree = SDKROOT; };
/* End PBXFileReference section */

/* Begin PBXFrameworksBuildPhase section */
		1D60588F0D05DD3D006BFB54 /* Frameworks */ = {
			isa = PBXFrameworksBuildPhase;
			buildActionMask = 2147483647;
			files = (
				301BF552109A68D80062928A /* libCordova.a in Frameworks */,
				6DFF87B3F08746D782C45417 /* AddressBook.framework in Frameworks */,
				23AEF257032347E58A29FC09 /* AddressBookUI.framework in Frameworks */,
				198233925638488AB1D6F4AA /* CoreMotion.framework in Frameworks */,
				F530FB1188FD4200A1CFCEAA /* CoreLocation.framework in Frameworks */,
				AD9986705ACE4370A91B258E /* Social.framework in Frameworks */,
				FEAC288CE71F41AF8325F9D7 /* MessageUI.framework in Frameworks */,
				22E9D3723BA748ADBA44BDD0 /* Bolts.framework in Frameworks */,
				3F5AF3F6DED04B5284CD4926 /* FBSDKCoreKit.framework in Frameworks */,
				01777A019BE54DBC896D5C58 /* FBSDKLoginKit.framework in Frameworks */,
				DB768FFC565443E9955C0CBC /* FBSDKShareKit.framework in Frameworks */,
				DC93E2C9DCCD49EB92B9D9BE /* libGGLCloudMessaging.a in Frameworks */,
				A2FB24F1C65642BDBD3B52B3 /* libGGLCore.a in Frameworks */,
				44B626A2F29A4B7D8860C0CE /* libGGLInstanceIDLib.a in Frameworks */,
				636A3A5A30FE468A808F5BB8 /* libGIP_Reachability.a in Frameworks */,
				A761EA0AF3DE41728F86D8AE /* libGSDK_Overload.a in Frameworks */,
				C76F97349A3B47548DBF4CB4 /* libGTMSessionFetcher_core.a in Frameworks */,
				6BCF56E8F654415EB2C643F1 /* libGTMSessionFetcher_full.a in Frameworks */,
				44A58438BAB64CEA97F78955 /* libGTMStackTrace.a in Frameworks */,
				E2FB0F9F1E4E4D308D02126C /* libGTM_AddressBook.a in Frameworks */,
				55EFB718D142473EB692601A /* libGTM_DebugUtils.a in Frameworks */,
				5A43FF80D23249B7A41B6FD7 /* libGTM_GTMURLBuilder.a in Frameworks */,
				388DAF634E864D7E83771AF3 /* libGTM_KVO.a in Frameworks */,
				CEB626C8357B4545AE9A682F /* libGTM_NSData+zlib.a in Frameworks */,
				1CEA31C69EA945438A6712A6 /* libGTM_NSDictionary+URLArguments.a in Frameworks */,
				E15EACFDB7C640128044A03C /* libGTM_NSScannerJSON.a in Frameworks */,
				AF371E65C2C9411DB58F66AA /* libGTM_NSStringHTML.a in Frameworks */,
				3EF59A74837C45B1BD4164F8 /* libGTM_NSStringXML.a in Frameworks */,
				B89A4EBDA7894CA48FA4A67D /* libGTM_Regex.a in Frameworks */,
				CC37045FF88C4F92BF3F5784 /* libGTM_RoundedRectPath.a in Frameworks */,
				84D485E2BD3546B4BE6311B1 /* libGTM_StringEncoding.a in Frameworks */,
				992189A9DD7D41A18D5E8408 /* libGTM_SystemVersion.a in Frameworks */,
				4275428F4E4D4E64970DA42C /* libGTM_UIFont+LineHeight.a in Frameworks */,
				999DFFE9930A4A9B88ED5594 /* libGTM_core.a in Frameworks */,
				6FB50CBFF07F4721996054C8 /* libGTM_iPhone.a in Frameworks */,
				166FC164D39D4FB6A8238862 /* libGcmLib.a in Frameworks */,
				E176B913E5F24E3392EF9773 /* libProtocolBuffers.a in Frameworks */,
				153EB576907E483CAF75CDC2 /* libsqlite3.tbd in Frameworks */,
				CA1F0B5FA5CF45C3A5D8A2DB /* libz.tbd in Frameworks */,
			);
			runOnlyForDeploymentPostprocessing = 0;
		};
/* End PBXFrameworksBuildPhase section */

/* Begin PBXGroup section */
		080E96DDFE201D6D7F000001 /* Classes */ = {
			isa = PBXGroup;
			children = (
				302D95EE14D2391D003F00A1 /* MainViewController.h */,
				302D95EF14D2391D003F00A1 /* MainViewController.m */,
				302D95F014D2391D003F00A1 /* MainViewController.xib */,
				1D3623240D0F684500981E51 /* AppDelegate.h */,
				1D3623250D0F684500981E51 /* AppDelegate.m */,
			);
			name = Classes;
			path = GetLunch/Classes;
			sourceTree = SOURCE_ROOT;
		};
		19C28FACFE9D520D11CA2CBB /* Products */ = {
			isa = PBXGroup;
			children = (
				1D6058910D05DD3D006BFB54 /* GetLunch.app */,
			);
			name = Products;
			sourceTree = "<group>";
		};
		29B97314FDCFA39411CA2CEA /* CustomTemplate */ = {
			isa = PBXGroup;
			children = (
				EB87FDF41871DAF40020F90C /* config.xml */,
				EB87FDF31871DA8E0020F90C /* www */,
				EB87FDF11871DA420020F90C /* Staging */,
				301BF52D109A57CC0062928A /* CordovaLib.xcodeproj */,
				080E96DDFE201D6D7F000001 /* Classes */,
				307C750510C5A3420062BCA9 /* Plugins */,
				29B97315FDCFA39411CA2CEA /* Other Sources */,
				29B97317FDCFA39411CA2CEA /* Resources */,
				29B97323FDCFA39411CA2CEA /* Frameworks */,
				19C28FACFE9D520D11CA2CBB /* Products */,
			);
			name = CustomTemplate;
			sourceTree = "<group>";
		};
		29B97315FDCFA39411CA2CEA /* Other Sources */ = {
			isa = PBXGroup;
			children = (
				32CA4F630368D1EE00C91783 /* GetLunch-Prefix.pch */,
				29B97316FDCFA39411CA2CEA /* main.m */,
				ED33DF2A687741AEAF9F8254 /* Bridging-Header.h */,
			);
			name = "Other Sources";
			path = GetLunch;
			sourceTree = "<group>";
		};
		29B97317FDCFA39411CA2CEA /* Resources */ = {
			isa = PBXGroup;
			children = (
				0207DA571B56EA530066E2B4 /* Images.xcassets */,
				3047A50E1AB8057F00498E2A /* config */,
				8D1107310486CEB800E47090 /* GetLunch-Info.plist */,
			);
			name = Resources;
			path = GetLunch/Resources;
			sourceTree = "<group>";
		};
		29B97323FDCFA39411CA2CEA /* Frameworks */ = {
			isa = PBXGroup;
			children = (
				FE7C80C94A4845019EE8A4DA /* AddressBook.framework */,
				FC5345CF787D477DAA336004 /* AddressBookUI.framework */,
				20BFC184A3104408A76B3782 /* CoreMotion.framework */,
				AF70BFB728A44368B436B799 /* CoreLocation.framework */,
				CEE5B27B9FD948D2887BFB98 /* Social.framework */,
				FF434DA7DA874F5389484360 /* MessageUI.framework */,
				50A984B9422D40B990433453 /* Bolts.framework */,
				2456C673A65947338484FCCA /* FBSDKCoreKit.framework */,
				81CB93E62E1548DC94BA0B71 /* FBSDKLoginKit.framework */,
				4730B9F40C9543B08EF6A289 /* FBSDKShareKit.framework */,
				4323CC72BD664BA5967A0756 /* libGGLCloudMessaging.a */,
				BBDD80761D8D4851A79260CA /* libGGLCore.a */,
				43A62B44530A4583B96797B8 /* libGGLInstanceIDLib.a */,
				C8C1FB2E7A814C3F873BF818 /* libGIP_Reachability.a */,
				CE39D0520B0745848DBFDFA9 /* libGSDK_Overload.a */,
				620CBC4B86F84F56B933004D /* libGTMSessionFetcher_core.a */,
				232CF0A093A5474CB463F559 /* libGTMSessionFetcher_full.a */,
				D9B35941F3604DE58C6BFEC7 /* libGTMStackTrace.a */,
				6DF26D9D637C4AE180AED814 /* libGTM_AddressBook.a */,
				8539B5A62EAE4F9E9F2450B4 /* libGTM_DebugUtils.a */,
				5809FDC11DE1402297B1366E /* libGTM_GTMURLBuilder.a */,
				4ECBDB31A80E48D2888F38E0 /* libGTM_KVO.a */,
				2723C56818BE482AA87C0769 /* libGTM_NSData+zlib.a */,
				C9A4E9D55F0847E6A8A3F6AF /* libGTM_NSDictionary+URLArguments.a */,
				710E3651656E434298A742F5 /* libGTM_NSScannerJSON.a */,
				50F14905B3C14D4EA8BDF09F /* libGTM_NSStringHTML.a */,
				9A5F52BF9ACE424F95CD5599 /* libGTM_NSStringXML.a */,
				358778C4FCE247EFB18D7828 /* libGTM_Regex.a */,
				760BE529EA2C4C77939B37E9 /* libGTM_RoundedRectPath.a */,
				884FFF7338C3488A8AB43F59 /* libGTM_StringEncoding.a */,
				941AD0AFC0874B34832E6781 /* libGTM_SystemVersion.a */,
				B568AD2C72F241319FDDFDFC /* libGTM_UIFont+LineHeight.a */,
				52F6931F37FA4C50ABCD922A /* libGTM_core.a */,
				0DF948CEFC114994AFC45B63 /* libGTM_iPhone.a */,
				3454E60760A946B1B6DBAA95 /* libGcmLib.a */,
				6C335F4695594E0E9B1F0919 /* libProtocolBuffers.a */,
				0F84C663E9FA45598120A711 /* libsqlite3.tbd */,
				2A21AB739F66413499472981 /* libz.tbd */,
			);
			name = Frameworks;
			sourceTree = "<group>";
		};
		301BF52E109A57CC0062928A /* Products */ = {
			isa = PBXGroup;
			children = (
				301BF535109A57CC0062928A /* libCordova.a */,
			);
			name = Products;
			sourceTree = "<group>";
		};
		3047A50E1AB8057F00498E2A /* config */ = {
			isa = PBXGroup;
			children = (
				3047A50F1AB8059700498E2A /* build-debug.xcconfig */,
				3047A5101AB8059700498E2A /* build-release.xcconfig */,
				3047A5111AB8059700498E2A /* build.xcconfig */,
			);
			name = config;
			sourceTree = "<group>";
		};
		307C750510C5A3420062BCA9 /* Plugins */ = {
			isa = PBXGroup;
			children = (
				778CB4B2D0484668A36DD585 /* CDVLogger.m */,
				440F6F5FA2CA4FE7B7E5491E /* CDVLogger.h */,
				018BE21448F64B1F9FA02F90 /* CDVContacts.m */,
				93E5D31547364977BB57CFDD /* CDVContact.m */,
				6A686FEAB31743F385FB17BA /* CDVContacts.h */,
				CFE68FEF307448C7942D00EA /* CDVContact.h */,
				1B8FD7FAFCEB4FA8A037223C /* CDVDevice.m */,
				45AD8BEFB7CE4CB8A95494B9 /* CDVDevice.h */,
				96204C431E40424EBE40948E /* CDVAccelerometer.m */,
				7FFA839CF93F43EB93E93B8D /* CDVAccelerometer.h */,
				8FA1CD94C4F7486BADD19CC5 /* CDVCompass.m */,
				E3271B25438C4F0AB934A8B7 /* CDVCompass.h */,
				D39A5D687F4D44308B4DDE52 /* CDVLocation.m */,
				5A675F4FF46F428E95769AB8 /* CDVLocation.h */,
				F9A4579CDAFB4606BDDE0B33 /* CDVInAppBrowser.m */,
				57BA0CD36C2240639733E78C /* CDVInAppBrowser.h */,
				34853F7B562940AE9A745877 /* NSString+URLEncoding.m */,
				53FD7FDC503A49C9B3E9FE5A /* SocialSharing.m */,
				357ED1CEA26A447EB4FB7A54 /* NSString+URLEncoding.h */,
				93FDC744CA9B4C13A9044435 /* SocialSharing.h */,
				0C18E54570AB48A6BD7C39CD /* AppDelegate+APPAppEvent.m */,
				953180E965BC4151B87A91A1 /* CDVPlugin+APPAppEvent.m */,
				6E22401EA835475487BC0194 /* AppDelegate+APPAppEvent.h */,
				5EEA56A911D44E16A1C91747 /* CDVPlugin+APPAppEvent.h */,
				9532B3AE92D947D288849BED /* APPAppEventDelegate.h */,
				6843D12193FB4A4C9B1CCB81 /* APPLocalNotification.m */,
				59945B892DE84F2887F9FA05 /* APPLocalNotificationOptions.m */,
				849FF0CE28364B6597EC023A /* UIApplication+APPLocalNotification.m */,
				94B182F3D13B40C3BE13D7E6 /* UILocalNotification+APPLocalNotification.m */,
				FA22C4DBF5084557A8C55EA8 /* APPLocalNotification.h */,
				48EB1E00FC914A098E1C6DB5 /* APPLocalNotificationOptions.h */,
				5124612EE4584EBD8C7EE146 /* UIApplication+APPLocalNotification.h */,
				EB46A21B36E744B3A21FD610 /* UILocalNotification+APPLocalNotification.h */,
				2257B273F4DB4A3DBA14C588 /* FacebookConnectPlugin.m */,
				4EACCAF1D09F484CAD3AC785 /* FacebookConnectPlugin.h */,
				FBD498104EFA4A78B78E0BA0 /* AppDelegate+notification.m */,
				8DD45AC8393B4F54A61E872D /* PushPlugin.m */,
				16211AFE9F964359BCA2687B /* AppDelegate+notification.h */,
				9D28065FEE274B2A9728FA8A /* PushPlugin.h */,
				E5218AE104F74EEC8B4199E3 /* GGLInstanceID.h */,
				FA059206446D408B8A1B183D /* GGLInstanceIDConfig.h */,
				441520C389F94208BFA4E613 /* GGLInstanceIDDelegate.h */,
				D316CC039B074D09AEF2B3A5 /* GGLInstanceIDHeaders.h */,
				6E4E8D3CA21944E4AF7D917D /* CloudMessaging.h */,
				85F9A22B0F834BC0B8049A7F /* GGLContext+CloudMessaging.h */,
				C5F9EDBCCD9E422E8A83BC29 /* Core.h */,
				DEC1FC2A0C9040038AAC3B3F /* GGLConfiguration.h */,
				3518F206D9F74B8BB004C1D2 /* GGLContext.h */,
				5D9B9113283C44228383B0AE /* GGLErrorCode.h */,
				3042077089A446B48367C3B4 /* GCMConfig.h */,
				C28B97D6030B4132B75E7239 /* GCMPubSub.h */,
				9600EE39CAF3449DBF44F779 /* GCMReceiverDelegate.h */,
				51A23D620BAC43DE95DC4650 /* GCMService.h */,
				1ED133A27A6749B4BC072849 /* GoogleCloudMessaging.h */,
				E33358C02DEF4B7E8F39D046 /* getlunchRun.m */,
				F65529FA78534DDB94CA6E1F /* getlunchRun.h */,
			);
			name = Plugins;
			path = GetLunch/Plugins;
			sourceTree = SOURCE_ROOT;
		};
		EB87FDF11871DA420020F90C /* Staging */ = {
			isa = PBXGroup;
			children = (
				F840E1F0165FE0F500CFE078 /* config.xml */,
				301BF56E109A69640062928A /* www */,
			);
			name = Staging;
			sourceTree = "<group>";
		};
/* End PBXGroup section */

/* Begin PBXNativeTarget section */
		1D6058900D05DD3D006BFB54 /* GetLunch */ = {
			isa = PBXNativeTarget;
			buildConfigurationList = 1D6058960D05DD3E006BFB54 /* Build configuration list for PBXNativeTarget "GetLunch" */;
			buildPhases = (
				304B58A110DAC018002A0835 /* Copy www directory */,
				1D60588D0D05DD3D006BFB54 /* Resources */,
				1D60588E0D05DD3D006BFB54 /* Sources */,
				1D60588F0D05DD3D006BFB54 /* Frameworks */,
			);
			buildRules = (
			);
			dependencies = (
				301BF551109A68C00062928A /* PBXTargetDependency */,
			);
			name = GetLunch;
			productName = GetLunch;
			productReference = 1D6058910D05DD3D006BFB54 /* GetLunch.app */;
			productType = "com.apple.product-type.application";
		};
/* End PBXNativeTarget section */

/* Begin PBXProject section */
		29B97313FDCFA39411CA2CEA /* Project object */ = {
			isa = PBXProject;
			attributes = {
				LastUpgradeCheck = 730;
				TargetAttributes = {
					1D6058900D05DD3D006BFB54 = {
						DevelopmentTeam = R9WK2G8GYW;
					};
				};
			};
			buildConfigurationList = C01FCF4E08A954540054247B /* Build configuration list for PBXProject "GetLunch" */;
			compatibilityVersion = "Xcode 3.2";
			developmentRegion = English;
			hasScannedForEncodings = 1;
			knownRegions = (
				en,
			);
			mainGroup = 29B97314FDCFA39411CA2CEA /* CustomTemplate */;
			projectDirPath = "";
			projectReferences = (
				{
					ProductGroup = 301BF52E109A57CC0062928A /* Products */;
					ProjectRef = 301BF52D109A57CC0062928A /* CordovaLib.xcodeproj */;
				},
			);
			projectRoot = "";
			targets = (
				1D6058900D05DD3D006BFB54 /* GetLunch */,
			);
		};
/* End PBXProject section */

/* Begin PBXReferenceProxy section */
		301BF535109A57CC0062928A /* libCordova.a */ = {
			isa = PBXReferenceProxy;
			fileType = archive.ar;
			path = libCordova.a;
			remoteRef = 301BF534109A57CC0062928A /* PBXContainerItemProxy */;
			sourceTree = BUILT_PRODUCTS_DIR;
		};
/* End PBXReferenceProxy section */

/* Begin PBXResourcesBuildPhase section */
		1D60588D0D05DD3D006BFB54 /* Resources */ = {
			isa = PBXResourcesBuildPhase;
			buildActionMask = 2147483647;
			files = (
				302D95F214D2391D003F00A1 /* MainViewController.xib in Resources */,
				0207DA581B56EA530066E2B4 /* Images.xcassets in Resources */,
			);
			runOnlyForDeploymentPostprocessing = 0;
		};
/* End PBXResourcesBuildPhase section */

/* Begin PBXShellScriptBuildPhase section */
		304B58A110DAC018002A0835 /* Copy www directory */ = {
			isa = PBXShellScriptBuildPhase;
			buildActionMask = 2147483647;
			files = (
			);
			inputPaths = (
			);
			name = "Copy www directory";
			outputPaths = (
			);
			runOnlyForDeploymentPostprocessing = 0;
			shellPath = /bin/sh;
			shellScript = "NODEJS_PATH=/usr/local/bin; NVM_NODE_PATH=~/.nvm/versions/node/`nvm version 2>/dev/null`/bin; N_NODE_PATH=`find /usr/local/n/versions/node/* -maxdepth 0 -type d 2>/dev/null | tail -1`/bin; XCODE_NODE_PATH=`xcode-select --print-path`/usr/share/xcs/Node/bin; PATH=$NODEJS_PATH:$NVM_NODE_PATH:$N_NODE_PATH:$XCODE_NODE_PATH:$PATH && node cordova/lib/copy-www-build-step.js";
			showEnvVarsInLog = 0;
		};
/* End PBXShellScriptBuildPhase section */

/* Begin PBXSourcesBuildPhase section */
		1D60588E0D05DD3D006BFB54 /* Sources */ = {
			isa = PBXSourcesBuildPhase;
			buildActionMask = 2147483647;
			files = (
				1D60589B0D05DD56006BFB54 /* main.m in Sources */,
				1D3623260D0F684500981E51 /* AppDelegate.m in Sources */,
				302D95F114D2391D003F00A1 /* MainViewController.m in Sources */,
				F93059ECA9A94F7EB7E1489F /* CDVLogger.m in Sources */,
				0BAB8AF429FE4431A05521DB /* CDVContacts.m in Sources */,
				F7FB5C0C358E4105834867A0 /* CDVContact.m in Sources */,
				462B79E609EE477C81442478 /* CDVDevice.m in Sources */,
				D8A9666AD04744B5808D5D27 /* CDVAccelerometer.m in Sources */,
				C28109D2EE9B40718010EB58 /* CDVCompass.m in Sources */,
				71C83753055D42AAB3C86B53 /* CDVLocation.m in Sources */,
				6D42E77AB65043609850F1B3 /* CDVInAppBrowser.m in Sources */,
				A7E33A20A62249EF98A585F3 /* NSString+URLEncoding.m in Sources */,
				237C0B638C1D4DC0A64A2B28 /* SocialSharing.m in Sources */,
				2AB30EDCD141493BBC017A24 /* AppDelegate+APPAppEvent.m in Sources */,
				947F4A9AF6BB43978CD66DEC /* CDVPlugin+APPAppEvent.m in Sources */,
				486E8A4299C943EABB480AB4 /* APPLocalNotification.m in Sources */,
				1CE66480266940A381ACDC98 /* APPLocalNotificationOptions.m in Sources */,
				74AAEBAF16E042D7A6D717E3 /* UIApplication+APPLocalNotification.m in Sources */,
				288ECBDB55834B9BBA6A304C /* UILocalNotification+APPLocalNotification.m in Sources */,
				5CF1E718006C4EFB8C37A55B /* FacebookConnectPlugin.m in Sources */,
				CCDD6B033D0F40318CE2DA12 /* AppDelegate+notification.m in Sources */,
				C8C885EDADBC4F4D9B721DF9 /* PushPlugin.m in Sources */,
				765F0EEDE45643FAA6453E10 /* getlunchRun.m in Sources */,
			);
			runOnlyForDeploymentPostprocessing = 0;
		};
/* End PBXSourcesBuildPhase section */

/* Begin PBXTargetDependency section */
		301BF551109A68C00062928A /* PBXTargetDependency */ = {
			isa = PBXTargetDependency;
			name = CordovaLib;
			targetProxy = 301BF550109A68C00062928A /* PBXContainerItemProxy */;
		};
/* End PBXTargetDependency section */

/* Begin XCBuildConfiguration section */
		1D6058940D05DD3E006BFB54 /* Debug */ = {
			isa = XCBuildConfiguration;
			baseConfigurationReference = 3047A50F1AB8059700498E2A /* build-debug.xcconfig */;
			buildSettings = {
				ALWAYS_SEARCH_USER_PATHS = NO;
				ASSETCATALOG_COMPILER_APPICON_NAME = AppIcon;
				ASSETCATALOG_COMPILER_LAUNCHIMAGE_NAME = LaunchImage;
				CLANG_ENABLE_MODULES = YES;
				CLANG_ENABLE_OBJC_ARC = YES;
				CODE_SIGN_IDENTITY = "iPhone Developer";
				"CODE_SIGN_IDENTITY[sdk=iphoneos*]" = "iPhone Developer";
				COPY_PHASE_STRIP = NO;
				FRAMEWORK_SEARCH_PATHS = (
					"$(inherited)",
					"\"GetLunch/Plugins/cordova-plugin-facebook4\"",
					"\"GetLunch/Plugins/cordova-plugin-facebook4\"",
					"\"GetLunch/Plugins/cordova-plugin-facebook4\"",
					"\"GetLunch/Plugins/cordova-plugin-facebook4\"",
				);
				GCC_DYNAMIC_NO_PIC = NO;
				GCC_OPTIMIZATION_LEVEL = 0;
				GCC_PRECOMPILE_PREFIX_HEADER = YES;
				GCC_PREFIX_HEADER = "GetLunch/GetLunch-Prefix.pch";
				GCC_THUMB_SUPPORT = NO;
				GCC_VERSION = "";
				INFOPLIST_FILE = "GetLunch/GetLunch-Info.plist";
				LD_RUNPATH_SEARCH_PATHS = "@executable_path/Frameworks";
				LIBRARY_SEARCH_PATHS = (
					"$(inherited)",
					"\"$(SRCROOT)/GetLunch/Plugins/phonegap-plugin-push/GCM/Libraries\"",
					"\"$(SRCROOT)/GetLunch/Plugins/phonegap-plugin-push/GCM/Libraries\"",
					"\"$(SRCROOT)/GetLunch/Plugins/phonegap-plugin-push/GCM/Libraries\"",
					"\"$(SRCROOT)/GetLunch/Plugins/phonegap-plugin-push/GCM/Libraries\"",
					"\"$(SRCROOT)/GetLunch/Plugins/phonegap-plugin-push/GCM/Libraries\"",
					"\"$(SRCROOT)/GetLunch/Plugins/phonegap-plugin-push/GCM/Libraries\"",
					"\"$(SRCROOT)/GetLunch/Plugins/phonegap-plugin-push/GCM/Libraries\"",
					"\"$(SRCROOT)/GetLunch/Plugins/phonegap-plugin-push/GCM/Libraries\"",
					"\"$(SRCROOT)/GetLunch/Plugins/phonegap-plugin-push/GCM/Libraries\"",
					"\"$(SRCROOT)/GetLunch/Plugins/phonegap-plugin-push/GCM/Libraries\"",
					"\"$(SRCROOT)/GetLunch/Plugins/phonegap-plugin-push/GCM/Libraries\"",
					"\"$(SRCROOT)/GetLunch/Plugins/phonegap-plugin-push/GCM/Libraries\"",
					"\"$(SRCROOT)/GetLunch/Plugins/phonegap-plugin-push/GCM/Libraries\"",
					"\"$(SRCROOT)/GetLunch/Plugins/phonegap-plugin-push/GCM/Libraries\"",
					"\"$(SRCROOT)/GetLunch/Plugins/phonegap-plugin-push/GCM/Libraries\"",
					"\"$(SRCROOT)/GetLunch/Plugins/phonegap-plugin-push/GCM/Libraries\"",
					"\"$(SRCROOT)/GetLunch/Plugins/phonegap-plugin-push/GCM/Libraries\"",
					"\"$(SRCROOT)/GetLunch/Plugins/phonegap-plugin-push/GCM/Libraries\"",
					"\"$(SRCROOT)/GetLunch/Plugins/phonegap-plugin-push/GCM/Libraries\"",
					"\"$(SRCROOT)/GetLunch/Plugins/phonegap-plugin-push/GCM/Libraries\"",
					"\"$(SRCROOT)/GetLunch/Plugins/phonegap-plugin-push/GCM/Libraries\"",
					"\"$(SRCROOT)/GetLunch/Plugins/phonegap-plugin-push/GCM/Libraries\"",
					"\"$(SRCROOT)/GetLunch/Plugins/phonegap-plugin-push/GCM/Libraries\"",
					"\"$(SRCROOT)/GetLunch/Plugins/phonegap-plugin-push/GCM/Libraries\"",
					"\"$(SRCROOT)/GetLunch/Plugins/phonegap-plugin-push/GCM/Libraries\"",
					"\"$(SRCROOT)/GetLunch/Plugins/phonegap-plugin-push/GCM/Libraries\"",
				);
				PRODUCT_BUNDLE_IDENTIFIER = "ru.one-touch.getlunch";
				PRODUCT_NAME = GetLunch;
				PROVISIONING_PROFILE = "";
			};
			name = Debug;
		};
		1D6058950D05DD3E006BFB54 /* Release */ = {
			isa = XCBuildConfiguration;
			baseConfigurationReference = 3047A5101AB8059700498E2A /* build-release.xcconfig */;
			buildSettings = {
				ALWAYS_SEARCH_USER_PATHS = NO;
				ASSETCATALOG_COMPILER_APPICON_NAME = AppIcon;
				ASSETCATALOG_COMPILER_LAUNCHIMAGE_NAME = LaunchImage;
				CLANG_ENABLE_MODULES = YES;
				CLANG_ENABLE_OBJC_ARC = YES;
				CODE_SIGN_IDENTITY = "iPhone Developer";
				"CODE_SIGN_IDENTITY[sdk=iphoneos*]" = "iPhone Developer";
				COPY_PHASE_STRIP = YES;
				FRAMEWORK_SEARCH_PATHS = (
					"$(inherited)",
					"\"GetLunch/Plugins/cordova-plugin-facebook4\"",
					"\"GetLunch/Plugins/cordova-plugin-facebook4\"",
					"\"GetLunch/Plugins/cordova-plugin-facebook4\"",
					"\"GetLunch/Plugins/cordova-plugin-facebook4\"",
				);
				GCC_PRECOMPILE_PREFIX_HEADER = YES;
				GCC_PREFIX_HEADER = "GetLunch/GetLunch-Prefix.pch";
				GCC_THUMB_SUPPORT = NO;
				GCC_VERSION = "";
				INFOPLIST_FILE = "GetLunch/GetLunch-Info.plist";
				LIBRARY_SEARCH_PATHS = (
					"$(inherited)",
					"\"$(SRCROOT)/GetLunch/Plugins/phonegap-plugin-push/GCM/Libraries\"",
					"\"$(SRCROOT)/GetLunch/Plugins/phonegap-plugin-push/GCM/Libraries\"",
					"\"$(SRCROOT)/GetLunch/Plugins/phonegap-plugin-push/GCM/Libraries\"",
					"\"$(SRCROOT)/GetLunch/Plugins/phonegap-plugin-push/GCM/Libraries\"",
					"\"$(SRCROOT)/GetLunch/Plugins/phonegap-plugin-push/GCM/Libraries\"",
					"\"$(SRCROOT)/GetLunch/Plugins/phonegap-plugin-push/GCM/Libraries\"",
					"\"$(SRCROOT)/GetLunch/Plugins/phonegap-plugin-push/GCM/Libraries\"",
					"\"$(SRCROOT)/GetLunch/Plugins/phonegap-plugin-push/GCM/Libraries\"",
					"\"$(SRCROOT)/GetLunch/Plugins/phonegap-plugin-push/GCM/Libraries\"",
					"\"$(SRCROOT)/GetLunch/Plugins/phonegap-plugin-push/GCM/Libraries\"",
					"\"$(SRCROOT)/GetLunch/Plugins/phonegap-plugin-push/GCM/Libraries\"",
					"\"$(SRCROOT)/GetLunch/Plugins/phonegap-plugin-push/GCM/Libraries\"",
					"\"$(SRCROOT)/GetLunch/Plugins/phonegap-plugin-push/GCM/Libraries\"",
					"\"$(SRCROOT)/GetLunch/Plugins/phonegap-plugin-push/GCM/Libraries\"",
					"\"$(SRCROOT)/GetLunch/Plugins/phonegap-plugin-push/GCM/Libraries\"",
					"\"$(SRCROOT)/GetLunch/Plugins/phonegap-plugin-push/GCM/Libraries\"",
					"\"$(SRCROOT)/GetLunch/Plugins/phonegap-plugin-push/GCM/Libraries\"",
					"\"$(SRCROOT)/GetLunch/Plugins/phonegap-plugin-push/GCM/Libraries\"",
					"\"$(SRCROOT)/GetLunch/Plugins/phonegap-plugin-push/GCM/Libraries\"",
					"\"$(SRCROOT)/GetLunch/Plugins/phonegap-plugin-push/GCM/Libraries\"",
					"\"$(SRCROOT)/GetLunch/Plugins/phonegap-plugin-push/GCM/Libraries\"",
					"\"$(SRCROOT)/GetLunch/Plugins/phonegap-plugin-push/GCM/Libraries\"",
					"\"$(SRCROOT)/GetLunch/Plugins/phonegap-plugin-push/GCM/Libraries\"",
					"\"$(SRCROOT)/GetLunch/Plugins/phonegap-plugin-push/GCM/Libraries\"",
					"\"$(SRCROOT)/GetLunch/Plugins/phonegap-plugin-push/GCM/Libraries\"",
					"\"$(SRCROOT)/GetLunch/Plugins/phonegap-plugin-push/GCM/Libraries\"",
				);
				PRODUCT_BUNDLE_IDENTIFIER = "ru.one-touch.getlunch";
				PRODUCT_NAME = GetLunch;
				PROVISIONING_PROFILE = "";
			};
			name = Release;
		};
		C01FCF4F08A954540054247B /* Debug */ = {
			isa = XCBuildConfiguration;
			baseConfigurationReference = 3047A5111AB8059700498E2A /* build.xcconfig */;
			buildSettings = {
				CLANG_ENABLE_MODULES = YES;
				CLANG_ENABLE_OBJC_ARC = YES;
				CLANG_WARN_BOOL_CONVERSION = YES;
				CLANG_WARN_CONSTANT_CONVERSION = YES;
				CLANG_WARN_EMPTY_BODY = YES;
				CLANG_WARN_ENUM_CONVERSION = YES;
				CLANG_WARN_INT_CONVERSION = YES;
				CLANG_WARN__DUPLICATE_METHOD_MATCH = YES;
				ENABLE_TESTABILITY = YES;
				GCC_C_LANGUAGE_STANDARD = c99;
				GCC_THUMB_SUPPORT = NO;
				GCC_VERSION = "";
				GCC_WARN_ABOUT_RETURN_TYPE = YES;
				GCC_WARN_UNDECLARED_SELECTOR = YES;
				GCC_WARN_UNINITIALIZED_AUTOS = YES;
				GCC_WARN_UNUSED_FUNCTION = YES;
				GCC_WARN_UNUSED_VARIABLE = YES;
				ONLY_ACTIVE_ARCH = YES;
				SDKROOT = iphoneos;
				SKIP_INSTALL = NO;
			};
			name = Debug;
		};
		C01FCF5008A954540054247B /* Release */ = {
			isa = XCBuildConfiguration;
			baseConfigurationReference = 3047A5111AB8059700498E2A /* build.xcconfig */;
			buildSettings = {
				CLANG_ENABLE_MODULES = YES;
				CLANG_ENABLE_OBJC_ARC = YES;
				CLANG_WARN_BOOL_CONVERSION = YES;
				CLANG_WARN_CONSTANT_CONVERSION = YES;
				CLANG_WARN_EMPTY_BODY = YES;
				CLANG_WARN_ENUM_CONVERSION = YES;
				CLANG_WARN_INT_CONVERSION = YES;
				CLANG_WARN__DUPLICATE_METHOD_MATCH = YES;
				GCC_C_LANGUAGE_STANDARD = c99;
				GCC_THUMB_SUPPORT = NO;
				GCC_VERSION = "";
				GCC_WARN_ABOUT_RETURN_TYPE = YES;
				GCC_WARN_UNDECLARED_SELECTOR = YES;
				GCC_WARN_UNINITIALIZED_AUTOS = YES;
				GCC_WARN_UNUSED_FUNCTION = YES;
				GCC_WARN_UNUSED_VARIABLE = YES;
				SDKROOT = iphoneos;
				SKIP_INSTALL = NO;
			};
			name = Release;
		};
/* End XCBuildConfiguration section */

/* Begin XCConfigurationList section */
		1D6058960D05DD3E006BFB54 /* Build configuration list for PBXNativeTarget "GetLunch" */ = {
			isa = XCConfigurationList;
			buildConfigurations = (
				1D6058940D05DD3E006BFB54 /* Debug */,
				1D6058950D05DD3E006BFB54 /* Release */,
			);
			defaultConfigurationIsVisible = 0;
			defaultConfigurationName = Release;
		};
		C01FCF4E08A954540054247B /* Build configuration list for PBXProject "GetLunch" */ = {
			isa = XCConfigurationList;
			buildConfigurations = (
				C01FCF4F08A954540054247B /* Debug */,
				C01FCF5008A954540054247B /* Release */,
			);
			defaultConfigurationIsVisible = 0;
			defaultConfigurationName = Release;
		};
/* End XCConfigurationList section */
	};
	rootObject = 29B97313FDCFA39411CA2CEA /* Project object */;
}
